
Microsoft Visual Studio Solution File, Format Version 12.00
# Visual Studio Version 17
VisualStudioVersion = 17.2.32630.192
MinimumVisualStudioVersion = 10.0.40219.1
Project("{9A19103F-16F7-4668-BE54-9A1E7A4F7556}") = "Area27", "Area27\Area27.csproj", "{2D532417-0821-4E45-9F1B-1D228A834F97}"
	ProjectSection(ProjectDependencies) = postProject
		{F8745BE2-3222-4264-8670-E78407819FA3} = {F8745BE2-3222-4264-8670-E78407819FA3}
	EndProjectSection
EndProject
Project("{2150E333-8FDC-42A3-9474-1A3956D46DE8}") = "Modulos", "Modulos", "{68914876-9CEB-4943-AF83-E9DDA8AE0D9D}"
EndProject
Project("{9A19103F-16F7-4668-BE54-9A1E7A4F7556}") = "Filmes", "Filmes\Filmes.csproj", "{F8745BE2-3222-4264-8670-E78407819FA3}"
EndProject
Project("{9A19103F-16F7-4668-BE54-9A1E7A4F7556}") = "Musicas", "Musicas\Musicas.csproj", "{B362C79A-887F-4545-B84B-1BD898A0E768}"
EndProject
Project("{2150E333-8FDC-42A3-9474-1A3956D46DE8}") = "Entidades", "Entidades", "{11625742-B68C-4E8C-AAF1-C467B993B01E}"
EndProject
Project("{9A19103F-16F7-4668-BE54-9A1E7A4F7556}") = "Uteis", "Uteis\Uteis.csproj", "{53410014-807A-47C8-9BA3-52A0B0C33D9C}"
EndProject
Project("{2150E333-8FDC-42A3-9474-1A3956D46DE8}") = "ServerAPI", "ServerAPI", "{F450BA5B-B09C-40C1-8CA5-FC8FCC9C0282}"
EndProject
Project("{9A19103F-16F7-4668-BE54-9A1E7A4F7556}") = "area-api", "area-api\area-api.csproj", "{F74E6229-9A7B-4A83-96E6-0DDBC24B1644}"
EndProject
Project("{9A19103F-16F7-4668-BE54-9A1E7A4F7556}") = "area-api-minimal", "area-api-minimal\area-api-minimal.csproj", "{292F8934-AAB9-42D7-B718-7ECA70422B8B}"
EndProject
Project("{2150E333-8FDC-42A3-9474-1A3956D46DE8}") = "MultiPlataform", "MultiPlataform", "{8BE04286-3758-4C88-BA6F-AFA79C01ECD0}"
EndProject
Project("{9A19103F-16F7-4668-BE54-9A1E7A4F7556}") = "Area27App", "Area27App\Area27App.csproj", "{73767C01-9410-4F47-BDA2-A1FBCFDAC97C}"
EndProject
Project("{9A19103F-16F7-4668-BE54-9A1E7A4F7556}") = "Teste_API", "Teste_API\Teste_API.csproj", "{915ACC39-04A9-46E0-B356-33FF89002B98}"
EndProject
Project("{9A19103F-16F7-4668-BE54-9A1E7A4F7556}") = "converter-file", "converter-file\converter-file.csproj", "{5C52D213-EF5E-4366-8878-FBC60436C5CF}"
EndProject
Project("{9A19103F-16F7-4668-BE54-9A1E7A4F7556}") = "Manipuladores", "Manipuladores\Manipuladores.csproj", "{0109AD23-71EB-48A7-8D81-CC4F3B873C02}"
	ProjectSection(ProjectDependencies) = postProject
		{53410014-807A-47C8-9BA3-52A0B0C33D9C} = {53410014-807A-47C8-9BA3-52A0B0C33D9C}
	EndProjectSection
EndProject
Project("{9A19103F-16F7-4668-BE54-9A1E7A4F7556}") = "ClasseGenerator", "ClasseGenerator\ClasseGenerator.csproj", "{8583FE06-4EA9-4B02-B366-5D5293F26539}"
EndProject
Project("{9A19103F-16F7-4668-BE54-9A1E7A4F7556}") = "Monitores", "Monitores\Monitores.csproj", "{2E0A63AB-69FC-475E-936E-2A25DCE939C2}"
EndProject
Project("{2150E333-8FDC-42A3-9474-1A3956D46DE8}") = "App", "App", "{5721D6B0-C40D-4A44-9C2C-61B3DB1A349C}"
EndProject
Project("{9A19103F-16F7-4668-BE54-9A1E7A4F7556}") = "area_27_dashboard", "area_27_dashboard\area_27_dashboard.csproj", "{6B9192FB-DC73-4B93-B1B7-BFC53A624C0C}"
EndProject
Project("{FAE04EC0-301F-11D3-BF4B-00C04F79EFBC}") = "Area_Imagem", "Area_Imagem\Area_Imagem.csproj", "{035E16F4-7550-43A0-84BF-AAB571F39ACA}"
EndProject
Global
	GlobalSection(SolutionConfigurationPlatforms) = preSolution
		Debug|Any CPU = Debug|Any CPU
		Release|Any CPU = Release|Any CPU
	EndGlobalSection
	GlobalSection(ProjectConfigurationPlatforms) = postSolution
		{2D532417-0821-4E45-9F1B-1D228A834F97}.Debug|Any CPU.ActiveCfg = Debug|Any CPU
		{2D532417-0821-4E45-9F1B-1D228A834F97}.Debug|Any CPU.Build.0 = Debug|Any CPU
		{2D532417-0821-4E45-9F1B-1D228A834F97}.Release|Any CPU.ActiveCfg = Release|Any CPU
		{2D532417-0821-4E45-9F1B-1D228A834F97}.Release|Any CPU.Build.0 = Release|Any CPU
		{F8745BE2-3222-4264-8670-E78407819FA3}.Debug|Any CPU.ActiveCfg = Debug|Any CPU
		{F8745BE2-3222-4264-8670-E78407819FA3}.Debug|Any CPU.Build.0 = Debug|Any CPU
		{F8745BE2-3222-4264-8670-E78407819FA3}.Release|Any CPU.ActiveCfg = Release|Any CPU
		{F8745BE2-3222-4264-8670-E78407819FA3}.Release|Any CPU.Build.0 = Release|Any CPU
		{B362C79A-887F-4545-B84B-1BD898A0E768}.Debug|Any CPU.ActiveCfg = Debug|Any CPU
		{B362C79A-887F-4545-B84B-1BD898A0E768}.Debug|Any CPU.Build.0 = Debug|Any CPU
		{B362C79A-887F-4545-B84B-1BD898A0E768}.Release|Any CPU.ActiveCfg = Release|Any CPU
		{B362C79A-887F-4545-B84B-1BD898A0E768}.Release|Any CPU.Build.0 = Release|Any CPU
		{53410014-807A-47C8-9BA3-52A0B0C33D9C}.Debug|Any CPU.ActiveCfg = Debug|Any CPU
		{53410014-807A-47C8-9BA3-52A0B0C33D9C}.Debug|Any CPU.Build.0 = Debug|Any CPU
		{53410014-807A-47C8-9BA3-52A0B0C33D9C}.Release|Any CPU.ActiveCfg = Release|Any CPU
		{53410014-807A-47C8-9BA3-52A0B0C33D9C}.Release|Any CPU.Build.0 = Release|Any CPU
		{F74E6229-9A7B-4A83-96E6-0DDBC24B1644}.Debug|Any CPU.ActiveCfg = Debug|Any CPU
		{F74E6229-9A7B-4A83-96E6-0DDBC24B1644}.Debug|Any CPU.Build.0 = Debug|Any CPU
		{F74E6229-9A7B-4A83-96E6-0DDBC24B1644}.Release|Any CPU.ActiveCfg = Release|Any CPU
		{F74E6229-9A7B-4A83-96E6-0DDBC24B1644}.Release|Any CPU.Build.0 = Release|Any CPU
		{292F8934-AAB9-42D7-B718-7ECA70422B8B}.Debug|Any CPU.ActiveCfg = Debug|Any CPU
		{292F8934-AAB9-42D7-B718-7ECA70422B8B}.Debug|Any CPU.Build.0 = Debug|Any CPU
		{292F8934-AAB9-42D7-B718-7ECA70422B8B}.Release|Any CPU.ActiveCfg = Release|Any CPU
		{292F8934-AAB9-42D7-B718-7ECA70422B8B}.Release|Any CPU.Build.0 = Release|Any CPU
		{73767C01-9410-4F47-BDA2-A1FBCFDAC97C}.Debug|Any CPU.ActiveCfg = Debug|Any CPU
		{73767C01-9410-4F47-BDA2-A1FBCFDAC97C}.Debug|Any CPU.Build.0 = Debug|Any CPU
		{73767C01-9410-4F47-BDA2-A1FBCFDAC97C}.Debug|Any CPU.Deploy.0 = Debug|Any CPU
		{73767C01-9410-4F47-BDA2-A1FBCFDAC97C}.Release|Any CPU.ActiveCfg = Release|Any CPU
		{73767C01-9410-4F47-BDA2-A1FBCFDAC97C}.Release|Any CPU.Build.0 = Release|Any CPU
		{73767C01-9410-4F47-BDA2-A1FBCFDAC97C}.Release|Any CPU.Deploy.0 = Release|Any CPU
		{915ACC39-04A9-46E0-B356-33FF89002B98}.Debug|Any CPU.ActiveCfg = Debug|Any CPU
		{915ACC39-04A9-46E0-B356-33FF89002B98}.Debug|Any CPU.Build.0 = Debug|Any CPU
		{915ACC39-04A9-46E0-B356-33FF89002B98}.Release|Any CPU.ActiveCfg = Release|Any CPU
		{915ACC39-04A9-46E0-B356-33FF89002B98}.Release|Any CPU.Build.0 = Release|Any CPU
		{5C52D213-EF5E-4366-8878-FBC60436C5CF}.Debug|Any CPU.ActiveCfg = Debug|Any CPU
		{5C52D213-EF5E-4366-8878-FBC60436C5CF}.Debug|Any CPU.Build.0 = Debug|Any CPU
		{5C52D213-EF5E-4366-8878-FBC60436C5CF}.Release|Any CPU.ActiveCfg = Release|Any CPU
		{5C52D213-EF5E-4366-8878-FBC60436C5CF}.Release|Any CPU.Build.0 = Release|Any CPU
		{0109AD23-71EB-48A7-8D81-CC4F3B873C02}.Debug|Any CPU.ActiveCfg = Debug|Any CPU
		{0109AD23-71EB-48A7-8D81-CC4F3B873C02}.Debug|Any CPU.Build.0 = Debug|Any CPU
		{0109AD23-71EB-48A7-8D81-CC4F3B873C02}.Release|Any CPU.ActiveCfg = Release|Any CPU
		{0109AD23-71EB-48A7-8D81-CC4F3B873C02}.Release|Any CPU.Build.0 = Release|Any CPU
		{8583FE06-4EA9-4B02-B366-5D5293F26539}.Debug|Any CPU.ActiveCfg = Debug|Any CPU
		{8583FE06-4EA9-4B02-B366-5D5293F26539}.Debug|Any CPU.Build.0 = Debug|Any CPU
		{8583FE06-4EA9-4B02-B366-5D5293F26539}.Release|Any CPU.ActiveCfg = Release|Any CPU
		{8583FE06-4EA9-4B02-B366-5D5293F26539}.Release|Any CPU.Build.0 = Release|Any CPU
		{2E0A63AB-69FC-475E-936E-2A25DCE939C2}.Debug|Any CPU.ActiveCfg = Debug|Any CPU
		{2E0A63AB-69FC-475E-936E-2A25DCE939C2}.Debug|Any CPU.Build.0 = Debug|Any CPU
		{2E0A63AB-69FC-475E-936E-2A25DCE939C2}.Release|Any CPU.ActiveCfg = Release|Any CPU
		{2E0A63AB-69FC-475E-936E-2A25DCE939C2}.Release|Any CPU.Build.0 = Release|Any CPU
		{6B9192FB-DC73-4B93-B1B7-BFC53A624C0C}.Debug|Any CPU.ActiveCfg = Debug|Any CPU
		{6B9192FB-DC73-4B93-B1B7-BFC53A624C0C}.Debug|Any CPU.Build.0 = Debug|Any CPU
		{6B9192FB-DC73-4B93-B1B7-BFC53A624C0C}.Release|Any CPU.ActiveCfg = Release|Any CPU
		{6B9192FB-DC73-4B93-B1B7-BFC53A624C0C}.Release|Any CPU.Build.0 = Release|Any CPU
		{035E16F4-7550-43A0-84BF-AAB571F39ACA}.Debug|Any CPU.ActiveCfg = Debug|Any CPU
		{035E16F4-7550-43A0-84BF-AAB571F39ACA}.Debug|Any CPU.Build.0 = Debug|Any CPU
		{035E16F4-7550-43A0-84BF-AAB571F39ACA}.Release|Any CPU.ActiveCfg = Release|Any CPU
		{035E16F4-7550-43A0-84BF-AAB571F39ACA}.Release|Any CPU.Build.0 = Release|Any CPU
	EndGlobalSection
	GlobalSection(SolutionProperties) = preSolution
		HideSolutionNode = FALSE
	EndGlobalSection
	GlobalSection(NestedProjects) = preSolution
		{F8745BE2-3222-4264-8670-E78407819FA3} = {68914876-9CEB-4943-AF83-E9DDA8AE0D9D}
		{B362C79A-887F-4545-B84B-1BD898A0E768} = {68914876-9CEB-4943-AF83-E9DDA8AE0D9D}
		{53410014-807A-47C8-9BA3-52A0B0C33D9C} = {11625742-B68C-4E8C-AAF1-C467B993B01E}
		{F74E6229-9A7B-4A83-96E6-0DDBC24B1644} = {F450BA5B-B09C-40C1-8CA5-FC8FCC9C0282}
		{292F8934-AAB9-42D7-B718-7ECA70422B8B} = {F450BA5B-B09C-40C1-8CA5-FC8FCC9C0282}
		{73767C01-9410-4F47-BDA2-A1FBCFDAC97C} = {8BE04286-3758-4C88-BA6F-AFA79C01ECD0}
		{915ACC39-04A9-46E0-B356-33FF89002B98} = {68914876-9CEB-4943-AF83-E9DDA8AE0D9D}
		{5C52D213-EF5E-4366-8878-FBC60436C5CF} = {68914876-9CEB-4943-AF83-E9DDA8AE0D9D}
		{0109AD23-71EB-48A7-8D81-CC4F3B873C02} = {68914876-9CEB-4943-AF83-E9DDA8AE0D9D}
		{8583FE06-4EA9-4B02-B366-5D5293F26539} = {68914876-9CEB-4943-AF83-E9DDA8AE0D9D}
		{2E0A63AB-69FC-475E-936E-2A25DCE939C2} = {68914876-9CEB-4943-AF83-E9DDA8AE0D9D}
		{6B9192FB-DC73-4B93-B1B7-BFC53A624C0C} = {5721D6B0-C40D-4A44-9C2C-61B3DB1A349C}
		{035E16F4-7550-43A0-84BF-AAB571F39ACA} = {68914876-9CEB-4943-AF83-E9DDA8AE0D9D}
	EndGlobalSection
	GlobalSection(ExtensibilityGlobals) = postSolution
		SolutionGuid = {2820C465-6C27-4C1E-922C-6F2EE75A357B}
	EndGlobalSection
EndGlobal
