
Microsoft Visual Studio Solution File, Format Version 12.00
# Visual Studio Version 17
VisualStudioVersion = 17.2.32630.192
MinimumVisualStudioVersion = 10.0.40219.1
Project("{9A19103F-16F7-4668-BE54-9A1E7A4F7556}") = "Area27", "Area27\Area27.csproj", "{2D532417-0821-4E45-9F1B-1D228A834F97}"
	ProjectSection(ProjectDependencies) = postProject
		{F8745BE2-3222-4264-8670-E78407819FA3} = {F8745BE2-3222-4264-8670-E78407819FA3}
	EndProjectSection
EndProject
Project("{2150E333-8FDC-42A3-9474-1A3956D46DE8}") = "Modulos", "Modulos", "{68914876-9CEB-4943-AF83-E9DDA8AE0D9D}"
EndProject
Project("{9A19103F-16F7-4668-BE54-9A1E7A4F7556}") = "Filmes", "Filmes\Filmes.csproj", "{F8745BE2-3222-4264-8670-E78407819FA3}"
EndProject
Global
	GlobalSection(SolutionConfigurationPlatforms) = preSolution
		Debug|Any CPU = Debug|Any CPU
		Release|Any CPU = Release|Any CPU
	EndGlobalSection
	GlobalSection(ProjectConfigurationPlatforms) = postSolution
		{2D532417-0821-4E45-9F1B-1D228A834F97}.Debug|Any CPU.ActiveCfg = Debug|Any CPU
		{2D532417-0821-4E45-9F1B-1D228A834F97}.Debug|Any CPU.Build.0 = Debug|Any CPU
		{2D532417-0821-4E45-9F1B-1D228A834F97}.Release|Any CPU.ActiveCfg = Release|Any CPU
		{2D532417-0821-4E45-9F1B-1D228A834F97}.Release|Any CPU.Build.0 = Release|Any CPU
		{F8745BE2-3222-4264-8670-E78407819FA3}.Debug|Any CPU.ActiveCfg = Debug|Any CPU
		{F8745BE2-3222-4264-8670-E78407819FA3}.Debug|Any CPU.Build.0 = Debug|Any CPU
		{F8745BE2-3222-4264-8670-E78407819FA3}.Release|Any CPU.ActiveCfg = Release|Any CPU
		{F8745BE2-3222-4264-8670-E78407819FA3}.Release|Any CPU.Build.0 = Release|Any CPU
	EndGlobalSection
	GlobalSection(SolutionProperties) = preSolution
		HideSolutionNode = FALSE
	EndGlobalSection
	GlobalSection(NestedProjects) = preSolution
		{F8745BE2-3222-4264-8670-E78407819FA3} = {68914876-9CEB-4943-AF83-E9DDA8AE0D9D}
	EndGlobalSection
	GlobalSection(ExtensibilityGlobals) = postSolution
		SolutionGuid = {2820C465-6C27-4C1E-922C-6F2EE75A357B}
	EndGlobalSection
EndGlobal
